
Microsoft Visual Studio Solution File, Format Version 12.00
# Visual Studio Version 17
VisualStudioVersion = 17.13.35825.156
MinimumVisualStudioVersion = 10.0.40219.1
Project("{FAE04EC0-301F-11D3-BF4B-00C04F79EFBC}") = "EudLogger", "EudLogger\EudLogger.csproj", "{9E5AF7F3-3113-4C2C-9356-03219781E2F6}"
EndProject
Project("{FAE04EC0-301F-11D3-BF4B-00C04F79EFBC}") = "ScriptLogging", "ScriptLogging\ScriptLogging.csproj", "{E8F541FF-25CD-4DB2-B54E-19E6D0445C67}"
EndProject
Project("{FAE04EC0-301F-11D3-BF4B-00C04F79EFBC}") = "Tests", "Tests\Tests.csproj", "{95634691-9506-40A1-AEAE-B885C4C1B1F2}"
EndProject
Global
	GlobalSection(SolutionConfigurationPlatforms) = preSolution
		Debug|Any CPU = Debug|Any CPU
		Release|Any CPU = Release|Any CPU
	EndGlobalSection
	GlobalSection(ProjectConfigurationPlatforms) = postSolution
		{9E5AF7F3-3113-4C2C-9356-03219781E2F6}.Debug|Any CPU.ActiveCfg = Debug|Any CPU
		{9E5AF7F3-3113-4C2C-9356-03219781E2F6}.Debug|Any CPU.Build.0 = Debug|Any CPU
		{9E5AF7F3-3113-4C2C-9356-03219781E2F6}.Release|Any CPU.ActiveCfg = Release|Any CPU
		{9E5AF7F3-3113-4C2C-9356-03219781E2F6}.Release|Any CPU.Build.0 = Release|Any CPU
		{E8F541FF-25CD-4DB2-B54E-19E6D0445C67}.Debug|Any CPU.ActiveCfg = Debug|Any CPU
		{E8F541FF-25CD-4DB2-B54E-19E6D0445C67}.Debug|Any CPU.Build.0 = Debug|Any CPU
		{E8F541FF-25CD-4DB2-B54E-19E6D0445C67}.Release|Any CPU.ActiveCfg = Release|Any CPU
		{E8F541FF-25CD-4DB2-B54E-19E6D0445C67}.Release|Any CPU.Build.0 = Release|Any CPU
		{95634691-9506-40A1-AEAE-B885C4C1B1F2}.Debug|Any CPU.ActiveCfg = Debug|Any CPU
		{95634691-9506-40A1-AEAE-B885C4C1B1F2}.Debug|Any CPU.Build.0 = Debug|Any CPU
		{95634691-9506-40A1-AEAE-B885C4C1B1F2}.Release|Any CPU.ActiveCfg = Release|Any CPU
		{95634691-9506-40A1-AEAE-B885C4C1B1F2}.Release|Any CPU.Build.0 = Release|Any CPU
	EndGlobalSection
	GlobalSection(SolutionProperties) = preSolution
		HideSolutionNode = FALSE
	EndGlobalSection
	GlobalSection(ExtensibilityGlobals) = postSolution
		SolutionGuid = {966237BE-AA40-4F0F-8848-DED4D137D471}
	EndGlobalSection
EndGlobal
